
Microsoft Visual Studio Solution File, Format Version 12.00
# Visual Studio Version 16
VisualStudioVersion = 16.0.31321.278
MinimumVisualStudioVersion = 10.0.40219.1
Project("{9A19103F-16F7-4668-BE54-9A1E7A4F7556}") = "Offender", "Offender\Offender.csproj", "{1FC0D99F-219D-4DE3-8D8F-33F57BF30046}"
EndProject
Project("{9A19103F-16F7-4668-BE54-9A1E7A4F7556}") = "CourseZero.Scripting", "CourseZero.Scripting\CourseZero.Scripting.csproj", "{C673E3D4-E947-4409-BC84-4EBFEE944632}"
EndProject
Project("{9A19103F-16F7-4668-BE54-9A1E7A4F7556}") = "CourseZero.Scripting.Homework", "CourseZero.Scripting.Homework\CourseZero.Scripting.Homework.csproj", "{DC69DFE5-5E62-4AFB-BB7F-E90820BDAF4D}"
EndProject
Project("{9A19103F-16F7-4668-BE54-9A1E7A4F7556}") = "CourseZero.Scripting.Homework.Tests", "CourseZero.Scripting.Homework.Tests\CourseZero.Scripting.Homework.Tests.csproj", "{845B14A0-DBED-464D-8374-11F8A0AE6CAF}"
EndProject
Project("{2150E333-8FDC-42A3-9474-1A3956D46DE8}") = "Part1", "Part1", "{23323808-50D3-4C68-9B5D-797010967CE3}"
EndProject
Project("{9A19103F-16F7-4668-BE54-9A1E7A4F7556}") = "CourseZero.LeapYear", "CourseZero.LeapYear\CourseZero.LeapYear.csproj", "{1351B343-810C-4A38-8255-090BC696EDB3}"
EndProject
Project("{9A19103F-16F7-4668-BE54-9A1E7A4F7556}") = "CourseZero.MoveTimeCounter", "CourseZero.MoveTimeCounter\CourseZero.MoveTimeCounter.csproj", "{CF362A26-D523-438B-87DC-C278EBBD69F5}"
EndProject
Project("{9A19103F-16F7-4668-BE54-9A1E7A4F7556}") = "CourseZero.ExpirationDate", "CourseZero.ExpirationDate\CourseZero.ExpirationDate.csproj", "{41793DBE-B5E2-44BC-80F6-920A2B3B3B6D}"
EndProject
Project("{9A19103F-16F7-4668-BE54-9A1E7A4F7556}") = "CourseZero.Factorial", "CourseZero.Factorial\CourseZero.Factorial.csproj", "{72E0612D-5F37-4174-A035-FC3310158724}"
EndProject
Project("{2150E333-8FDC-42A3-9474-1A3956D46DE8}") = "Part2 (OOP)", "Part2 (OOP)", "{16E38D05-3E69-4FA1-B5AB-A486926A663D}"
EndProject
Project("{9A19103F-16F7-4668-BE54-9A1E7A4F7556}") = "CourseZero.Classes", "CourseZero.Classes\CourseZero.Classes.csproj", "{B33B5E7C-D3F5-41F7-A617-AEFE8BA51EB2}"
EndProject
Project("{9A19103F-16F7-4668-BE54-9A1E7A4F7556}") = "CourseZero.Classes.Homework", "CourseZero.Classes.Homework\CourseZero.Classes.Homework.csproj", "{E5A13B9A-BD2B-4D32-9112-0AE146DE33A8}"
EndProject
Project("{9A19103F-16F7-4668-BE54-9A1E7A4F7556}") = "CourseZero.Classes.Homework.Tests", "CourseZero.Classes.Homework.Tests\CourseZero.Classes.Homework.Tests.csproj", "{74FA37FF-C4F9-460E-B8AE-AADFD2DE1DAD}"
EndProject
Project("{9A19103F-16F7-4668-BE54-9A1E7A4F7556}") = "CourseZero.Classes.Library", "CourseZero.Classes.Library\CourseZero.Classes.Library.csproj", "{789ABCB6-6B03-4A6B-B3AB-ACAC867A6FAE}"
EndProject
Project("{2150E333-8FDC-42A3-9474-1A3956D46DE8}") = "Part4 (Extensions, LINQ)", "Part4 (Extensions, LINQ)", "{473E2E14-2074-4CF3-81B1-4D8DFAB551D9}"
EndProject
Project("{9A19103F-16F7-4668-BE54-9A1E7A4F7556}") = "CourseZero.Extensions", "CourseZero.Extensions\CourseZero.Extensions.csproj", "{C5EEF5A6-CE72-418A-ACAA-1367BB860053}"
EndProject
Project("{9A19103F-16F7-4668-BE54-9A1E7A4F7556}") = "CourseZero.Extensions.Library", "CourseZero.Extensions.Library\CourseZero.Extensions.Library.csproj", "{D742A04E-D9B6-4B17-B2FF-75250906B454}"
EndProject
Project("{2150E333-8FDC-42A3-9474-1A3956D46DE8}") = "Part3 (Exceptions)", "Part3 (Exceptions)", "{09671874-996C-4108-8C23-31A299BD67EE}"
EndProject
Project("{9A19103F-16F7-4668-BE54-9A1E7A4F7556}") = "CourseZero.Exceptions", "CourseZero.Exceptions\CourseZero.Exceptions.csproj", "{3BBA7C50-76D0-4460-937D-207C858B6CD0}"
EndProject
Project("{9A19103F-16F7-4668-BE54-9A1E7A4F7556}") = "CourseZero.Extensions.Homework", "CourseZero.Extensions.Homework\CourseZero.Extensions.Homework.csproj", "{5462F19B-DC5A-4E2E-8F8E-CE65927E5DBE}"
EndProject
Project("{2150E333-8FDC-42A3-9474-1A3956D46DE8}") = "Part5 (Reflection)", "Part5 (Reflection)", "{FDF02F7E-E005-47E1-A99E-C5A0BDA8B383}"
EndProject
Project("{9A19103F-16F7-4668-BE54-9A1E7A4F7556}") = "CourseZero.Reflection", "CourseZero.Reflection\CourseZero.Reflection.csproj", "{4EDB64B1-D076-4DD5-90F2-84E038E59990}"
EndProject
Project("{2150E333-8FDC-42A3-9474-1A3956D46DE8}") = "Part6 (Primitives)", "Part6 (Primitives)", "{2B7E0439-A1A3-4E83-8D39-6344B9BA7A6B}"
EndProject
Project("{9A19103F-16F7-4668-BE54-9A1E7A4F7556}") = "CourseZero.Primitives", "CourseZero.Primitives\CourseZero.Primitives.csproj", "{2DE55D87-CFED-4A71-BDA9-497F4E1D11F7}"
EndProject
Project("{9A19103F-16F7-4668-BE54-9A1E7A4F7556}") = "CourseZero.Extensions.Homework.Tests", "CourseZero.Extensions.Homework.Tests\CourseZero.Extensions.Homework.Tests.csproj", "{EE5B1880-603A-4CFB-ADD8-3243B8C013A1}"
EndProject
Project("{2150E333-8FDC-42A3-9474-1A3956D46DE8}") = "Part7 (Files)", "Part7 (Files)", "{B742BB4D-CE3D-4325-BAE4-6001CE6D9C7E}"
EndProject
Project("{9A19103F-16F7-4668-BE54-9A1E7A4F7556}") = "CourseZero.Files", "CourseZero.Files\CourseZero.Files.csproj", "{0BB725CB-3612-4EC0-AC8B-B449272AF5B9}"
EndProject
Project("{FAE04EC0-301F-11D3-BF4B-00C04F79EFBC}") = "CourseZero.Reflection.Homework", "CourseZero.Reflection.Homework\CourseZero.Reflection.Homework.csproj", "{ABCD0456-3B21-4635-89C6-5EA1A12C2BF0}"
EndProject
Project("{FAE04EC0-301F-11D3-BF4B-00C04F79EFBC}") = "CourseZero.Reflection.Homework.Tests", "CourseZero.Reflection.Homework.Tests\CourseZero.Reflection.Homework.Tests.csproj", "{F848A378-A783-4A4C-A310-0EED925A97B6}"
EndProject
Global
	GlobalSection(SolutionConfigurationPlatforms) = preSolution
		Debug|Any CPU = Debug|Any CPU
		Release|Any CPU = Release|Any CPU
	EndGlobalSection
	GlobalSection(ProjectConfigurationPlatforms) = postSolution
		{1FC0D99F-219D-4DE3-8D8F-33F57BF30046}.Debug|Any CPU.ActiveCfg = Debug|Any CPU
		{1FC0D99F-219D-4DE3-8D8F-33F57BF30046}.Debug|Any CPU.Build.0 = Debug|Any CPU
		{1FC0D99F-219D-4DE3-8D8F-33F57BF30046}.Release|Any CPU.ActiveCfg = Release|Any CPU
		{1FC0D99F-219D-4DE3-8D8F-33F57BF30046}.Release|Any CPU.Build.0 = Release|Any CPU
		{C673E3D4-E947-4409-BC84-4EBFEE944632}.Debug|Any CPU.ActiveCfg = Debug|Any CPU
		{C673E3D4-E947-4409-BC84-4EBFEE944632}.Debug|Any CPU.Build.0 = Debug|Any CPU
		{C673E3D4-E947-4409-BC84-4EBFEE944632}.Release|Any CPU.ActiveCfg = Release|Any CPU
		{C673E3D4-E947-4409-BC84-4EBFEE944632}.Release|Any CPU.Build.0 = Release|Any CPU
		{DC69DFE5-5E62-4AFB-BB7F-E90820BDAF4D}.Debug|Any CPU.ActiveCfg = Debug|Any CPU
		{DC69DFE5-5E62-4AFB-BB7F-E90820BDAF4D}.Debug|Any CPU.Build.0 = Debug|Any CPU
		{DC69DFE5-5E62-4AFB-BB7F-E90820BDAF4D}.Release|Any CPU.ActiveCfg = Release|Any CPU
		{DC69DFE5-5E62-4AFB-BB7F-E90820BDAF4D}.Release|Any CPU.Build.0 = Release|Any CPU
		{845B14A0-DBED-464D-8374-11F8A0AE6CAF}.Debug|Any CPU.ActiveCfg = Debug|Any CPU
		{845B14A0-DBED-464D-8374-11F8A0AE6CAF}.Debug|Any CPU.Build.0 = Debug|Any CPU
		{845B14A0-DBED-464D-8374-11F8A0AE6CAF}.Release|Any CPU.ActiveCfg = Release|Any CPU
		{845B14A0-DBED-464D-8374-11F8A0AE6CAF}.Release|Any CPU.Build.0 = Release|Any CPU
		{1351B343-810C-4A38-8255-090BC696EDB3}.Debug|Any CPU.ActiveCfg = Debug|Any CPU
		{1351B343-810C-4A38-8255-090BC696EDB3}.Debug|Any CPU.Build.0 = Debug|Any CPU
		{1351B343-810C-4A38-8255-090BC696EDB3}.Release|Any CPU.ActiveCfg = Release|Any CPU
		{1351B343-810C-4A38-8255-090BC696EDB3}.Release|Any CPU.Build.0 = Release|Any CPU
		{CF362A26-D523-438B-87DC-C278EBBD69F5}.Debug|Any CPU.ActiveCfg = Debug|Any CPU
		{CF362A26-D523-438B-87DC-C278EBBD69F5}.Debug|Any CPU.Build.0 = Debug|Any CPU
		{CF362A26-D523-438B-87DC-C278EBBD69F5}.Release|Any CPU.ActiveCfg = Release|Any CPU
		{CF362A26-D523-438B-87DC-C278EBBD69F5}.Release|Any CPU.Build.0 = Release|Any CPU
		{41793DBE-B5E2-44BC-80F6-920A2B3B3B6D}.Debug|Any CPU.ActiveCfg = Debug|Any CPU
		{41793DBE-B5E2-44BC-80F6-920A2B3B3B6D}.Debug|Any CPU.Build.0 = Debug|Any CPU
		{41793DBE-B5E2-44BC-80F6-920A2B3B3B6D}.Release|Any CPU.ActiveCfg = Release|Any CPU
		{41793DBE-B5E2-44BC-80F6-920A2B3B3B6D}.Release|Any CPU.Build.0 = Release|Any CPU
		{72E0612D-5F37-4174-A035-FC3310158724}.Debug|Any CPU.ActiveCfg = Debug|Any CPU
		{72E0612D-5F37-4174-A035-FC3310158724}.Debug|Any CPU.Build.0 = Debug|Any CPU
		{72E0612D-5F37-4174-A035-FC3310158724}.Release|Any CPU.ActiveCfg = Release|Any CPU
		{72E0612D-5F37-4174-A035-FC3310158724}.Release|Any CPU.Build.0 = Release|Any CPU
		{B33B5E7C-D3F5-41F7-A617-AEFE8BA51EB2}.Debug|Any CPU.ActiveCfg = Debug|Any CPU
		{B33B5E7C-D3F5-41F7-A617-AEFE8BA51EB2}.Debug|Any CPU.Build.0 = Debug|Any CPU
		{B33B5E7C-D3F5-41F7-A617-AEFE8BA51EB2}.Release|Any CPU.ActiveCfg = Release|Any CPU
		{B33B5E7C-D3F5-41F7-A617-AEFE8BA51EB2}.Release|Any CPU.Build.0 = Release|Any CPU
		{E5A13B9A-BD2B-4D32-9112-0AE146DE33A8}.Debug|Any CPU.ActiveCfg = Debug|Any CPU
		{E5A13B9A-BD2B-4D32-9112-0AE146DE33A8}.Debug|Any CPU.Build.0 = Debug|Any CPU
		{E5A13B9A-BD2B-4D32-9112-0AE146DE33A8}.Release|Any CPU.ActiveCfg = Release|Any CPU
		{E5A13B9A-BD2B-4D32-9112-0AE146DE33A8}.Release|Any CPU.Build.0 = Release|Any CPU
		{74FA37FF-C4F9-460E-B8AE-AADFD2DE1DAD}.Debug|Any CPU.ActiveCfg = Debug|Any CPU
		{74FA37FF-C4F9-460E-B8AE-AADFD2DE1DAD}.Debug|Any CPU.Build.0 = Debug|Any CPU
		{74FA37FF-C4F9-460E-B8AE-AADFD2DE1DAD}.Release|Any CPU.ActiveCfg = Release|Any CPU
		{74FA37FF-C4F9-460E-B8AE-AADFD2DE1DAD}.Release|Any CPU.Build.0 = Release|Any CPU
		{789ABCB6-6B03-4A6B-B3AB-ACAC867A6FAE}.Debug|Any CPU.ActiveCfg = Debug|Any CPU
		{789ABCB6-6B03-4A6B-B3AB-ACAC867A6FAE}.Debug|Any CPU.Build.0 = Debug|Any CPU
		{789ABCB6-6B03-4A6B-B3AB-ACAC867A6FAE}.Release|Any CPU.ActiveCfg = Release|Any CPU
		{789ABCB6-6B03-4A6B-B3AB-ACAC867A6FAE}.Release|Any CPU.Build.0 = Release|Any CPU
		{C5EEF5A6-CE72-418A-ACAA-1367BB860053}.Debug|Any CPU.ActiveCfg = Debug|Any CPU
		{C5EEF5A6-CE72-418A-ACAA-1367BB860053}.Debug|Any CPU.Build.0 = Debug|Any CPU
		{C5EEF5A6-CE72-418A-ACAA-1367BB860053}.Release|Any CPU.ActiveCfg = Release|Any CPU
		{C5EEF5A6-CE72-418A-ACAA-1367BB860053}.Release|Any CPU.Build.0 = Release|Any CPU
		{D742A04E-D9B6-4B17-B2FF-75250906B454}.Debug|Any CPU.ActiveCfg = Debug|Any CPU
		{D742A04E-D9B6-4B17-B2FF-75250906B454}.Debug|Any CPU.Build.0 = Debug|Any CPU
		{D742A04E-D9B6-4B17-B2FF-75250906B454}.Release|Any CPU.ActiveCfg = Release|Any CPU
		{D742A04E-D9B6-4B17-B2FF-75250906B454}.Release|Any CPU.Build.0 = Release|Any CPU
		{3BBA7C50-76D0-4460-937D-207C858B6CD0}.Debug|Any CPU.ActiveCfg = Debug|Any CPU
		{3BBA7C50-76D0-4460-937D-207C858B6CD0}.Debug|Any CPU.Build.0 = Debug|Any CPU
		{3BBA7C50-76D0-4460-937D-207C858B6CD0}.Release|Any CPU.ActiveCfg = Release|Any CPU
		{3BBA7C50-76D0-4460-937D-207C858B6CD0}.Release|Any CPU.Build.0 = Release|Any CPU
		{5462F19B-DC5A-4E2E-8F8E-CE65927E5DBE}.Debug|Any CPU.ActiveCfg = Debug|Any CPU
		{5462F19B-DC5A-4E2E-8F8E-CE65927E5DBE}.Debug|Any CPU.Build.0 = Debug|Any CPU
		{5462F19B-DC5A-4E2E-8F8E-CE65927E5DBE}.Release|Any CPU.ActiveCfg = Release|Any CPU
		{5462F19B-DC5A-4E2E-8F8E-CE65927E5DBE}.Release|Any CPU.Build.0 = Release|Any CPU
		{4EDB64B1-D076-4DD5-90F2-84E038E59990}.Debug|Any CPU.ActiveCfg = Debug|Any CPU
		{4EDB64B1-D076-4DD5-90F2-84E038E59990}.Debug|Any CPU.Build.0 = Debug|Any CPU
		{4EDB64B1-D076-4DD5-90F2-84E038E59990}.Release|Any CPU.ActiveCfg = Release|Any CPU
		{4EDB64B1-D076-4DD5-90F2-84E038E59990}.Release|Any CPU.Build.0 = Release|Any CPU
		{2DE55D87-CFED-4A71-BDA9-497F4E1D11F7}.Debug|Any CPU.ActiveCfg = Debug|Any CPU
		{2DE55D87-CFED-4A71-BDA9-497F4E1D11F7}.Debug|Any CPU.Build.0 = Debug|Any CPU
		{2DE55D87-CFED-4A71-BDA9-497F4E1D11F7}.Release|Any CPU.ActiveCfg = Release|Any CPU
		{2DE55D87-CFED-4A71-BDA9-497F4E1D11F7}.Release|Any CPU.Build.0 = Release|Any CPU
		{EE5B1880-603A-4CFB-ADD8-3243B8C013A1}.Debug|Any CPU.ActiveCfg = Debug|Any CPU
		{EE5B1880-603A-4CFB-ADD8-3243B8C013A1}.Debug|Any CPU.Build.0 = Debug|Any CPU
		{EE5B1880-603A-4CFB-ADD8-3243B8C013A1}.Release|Any CPU.ActiveCfg = Release|Any CPU
		{EE5B1880-603A-4CFB-ADD8-3243B8C013A1}.Release|Any CPU.Build.0 = Release|Any CPU
		{0BB725CB-3612-4EC0-AC8B-B449272AF5B9}.Debug|Any CPU.ActiveCfg = Debug|Any CPU
		{0BB725CB-3612-4EC0-AC8B-B449272AF5B9}.Debug|Any CPU.Build.0 = Debug|Any CPU
		{0BB725CB-3612-4EC0-AC8B-B449272AF5B9}.Release|Any CPU.ActiveCfg = Release|Any CPU
		{0BB725CB-3612-4EC0-AC8B-B449272AF5B9}.Release|Any CPU.Build.0 = Release|Any CPU
		{ABCD0456-3B21-4635-89C6-5EA1A12C2BF0}.Debug|Any CPU.ActiveCfg = Debug|Any CPU
		{ABCD0456-3B21-4635-89C6-5EA1A12C2BF0}.Debug|Any CPU.Build.0 = Debug|Any CPU
		{ABCD0456-3B21-4635-89C6-5EA1A12C2BF0}.Release|Any CPU.ActiveCfg = Release|Any CPU
		{ABCD0456-3B21-4635-89C6-5EA1A12C2BF0}.Release|Any CPU.Build.0 = Release|Any CPU
		{F848A378-A783-4A4C-A310-0EED925A97B6}.Debug|Any CPU.ActiveCfg = Debug|Any CPU
		{F848A378-A783-4A4C-A310-0EED925A97B6}.Debug|Any CPU.Build.0 = Debug|Any CPU
		{F848A378-A783-4A4C-A310-0EED925A97B6}.Release|Any CPU.ActiveCfg = Release|Any CPU
		{F848A378-A783-4A4C-A310-0EED925A97B6}.Release|Any CPU.Build.0 = Release|Any CPU
	EndGlobalSection
	GlobalSection(SolutionProperties) = preSolution
		HideSolutionNode = FALSE
	EndGlobalSection
	GlobalSection(NestedProjects) = preSolution
		{1FC0D99F-219D-4DE3-8D8F-33F57BF30046} = {23323808-50D3-4C68-9B5D-797010967CE3}
		{C673E3D4-E947-4409-BC84-4EBFEE944632} = {23323808-50D3-4C68-9B5D-797010967CE3}
		{DC69DFE5-5E62-4AFB-BB7F-E90820BDAF4D} = {23323808-50D3-4C68-9B5D-797010967CE3}
		{845B14A0-DBED-464D-8374-11F8A0AE6CAF} = {23323808-50D3-4C68-9B5D-797010967CE3}
		{1351B343-810C-4A38-8255-090BC696EDB3} = {23323808-50D3-4C68-9B5D-797010967CE3}
		{CF362A26-D523-438B-87DC-C278EBBD69F5} = {23323808-50D3-4C68-9B5D-797010967CE3}
		{41793DBE-B5E2-44BC-80F6-920A2B3B3B6D} = {23323808-50D3-4C68-9B5D-797010967CE3}
		{72E0612D-5F37-4174-A035-FC3310158724} = {23323808-50D3-4C68-9B5D-797010967CE3}
		{B33B5E7C-D3F5-41F7-A617-AEFE8BA51EB2} = {16E38D05-3E69-4FA1-B5AB-A486926A663D}
		{E5A13B9A-BD2B-4D32-9112-0AE146DE33A8} = {16E38D05-3E69-4FA1-B5AB-A486926A663D}
		{74FA37FF-C4F9-460E-B8AE-AADFD2DE1DAD} = {16E38D05-3E69-4FA1-B5AB-A486926A663D}
		{789ABCB6-6B03-4A6B-B3AB-ACAC867A6FAE} = {16E38D05-3E69-4FA1-B5AB-A486926A663D}
		{C5EEF5A6-CE72-418A-ACAA-1367BB860053} = {473E2E14-2074-4CF3-81B1-4D8DFAB551D9}
		{D742A04E-D9B6-4B17-B2FF-75250906B454} = {473E2E14-2074-4CF3-81B1-4D8DFAB551D9}
		{3BBA7C50-76D0-4460-937D-207C858B6CD0} = {09671874-996C-4108-8C23-31A299BD67EE}
		{5462F19B-DC5A-4E2E-8F8E-CE65927E5DBE} = {473E2E14-2074-4CF3-81B1-4D8DFAB551D9}
		{4EDB64B1-D076-4DD5-90F2-84E038E59990} = {FDF02F7E-E005-47E1-A99E-C5A0BDA8B383}
		{2DE55D87-CFED-4A71-BDA9-497F4E1D11F7} = {2B7E0439-A1A3-4E83-8D39-6344B9BA7A6B}
		{EE5B1880-603A-4CFB-ADD8-3243B8C013A1} = {473E2E14-2074-4CF3-81B1-4D8DFAB551D9}
		{0BB725CB-3612-4EC0-AC8B-B449272AF5B9} = {B742BB4D-CE3D-4325-BAE4-6001CE6D9C7E}
		{ABCD0456-3B21-4635-89C6-5EA1A12C2BF0} = {FDF02F7E-E005-47E1-A99E-C5A0BDA8B383}
		{F848A378-A783-4A4C-A310-0EED925A97B6} = {FDF02F7E-E005-47E1-A99E-C5A0BDA8B383}
	EndGlobalSection
	GlobalSection(ExtensibilityGlobals) = postSolution
		SolutionGuid = {4C749C66-CCFA-4BD9-93BD-103E11243ADB}
	EndGlobalSection
EndGlobal
