
Microsoft Visual Studio Solution File, Format Version 12.00
# Visual Studio Version 16
VisualStudioVersion = 16.0.31321.278
MinimumVisualStudioVersion = 10.0.40219.1
Project("{9A19103F-16F7-4668-BE54-9A1E7A4F7556}") = "Offender", "Offender\Offender.csproj", "{1FC0D99F-219D-4DE3-8D8F-33F57BF30046}"
EndProject
Project("{9A19103F-16F7-4668-BE54-9A1E7A4F7556}") = "CourseZero.Scripting", "CourseZero.Scripting\CourseZero.Scripting.csproj", "{C673E3D4-E947-4409-BC84-4EBFEE944632}"
EndProject
Project("{9A19103F-16F7-4668-BE54-9A1E7A4F7556}") = "CourseZero.Scripting.Homework", "CourseZero.Scripting.Homework\CourseZero.Scripting.Homework.csproj", "{DC69DFE5-5E62-4AFB-BB7F-E90820BDAF4D}"
EndProject
Project("{9A19103F-16F7-4668-BE54-9A1E7A4F7556}") = "CourseZero.Scripting.Homework.Tests", "CourseZero.Scripting.Homework.Tests\CourseZero.Scripting.Homework.Tests.csproj", "{845B14A0-DBED-464D-8374-11F8A0AE6CAF}"
EndProject
Project("{2150E333-8FDC-42A3-9474-1A3956D46DE8}") = "Part 1", "Part 1", "{23323808-50D3-4C68-9B5D-797010967CE3}"
EndProject
Project("{9A19103F-16F7-4668-BE54-9A1E7A4F7556}") = "CourseZero.LeapYear", "CourseZero.LeapYear\CourseZero.LeapYear.csproj", "{1351B343-810C-4A38-8255-090BC696EDB3}"
EndProject
Project("{9A19103F-16F7-4668-BE54-9A1E7A4F7556}") = "CourseZero.MoveTimeCounter", "CourseZero.MoveTimeCounter\CourseZero.MoveTimeCounter.csproj", "{CF362A26-D523-438B-87DC-C278EBBD69F5}"
EndProject
Project("{9A19103F-16F7-4668-BE54-9A1E7A4F7556}") = "CourseZero.ExpirationDate", "CourseZero.ExpirationDate\CourseZero.ExpirationDate.csproj", "{41793DBE-B5E2-44BC-80F6-920A2B3B3B6D}"
EndProject
Project("{9A19103F-16F7-4668-BE54-9A1E7A4F7556}") = "CourseZero.Factorial", "CourseZero.Factorial\CourseZero.Factorial.csproj", "{72E0612D-5F37-4174-A035-FC3310158724}"
EndProject
Project("{2150E333-8FDC-42A3-9474-1A3956D46DE8}") = "Part2 (OOP)", "Part2 (OOP)", "{16E38D05-3E69-4FA1-B5AB-A486926A663D}"
EndProject
Project("{9A19103F-16F7-4668-BE54-9A1E7A4F7556}") = "CourseZero.Classes", "CourseZero.Classes\CourseZero.Classes.csproj", "{B33B5E7C-D3F5-41F7-A617-AEFE8BA51EB2}"
EndProject
Project("{9A19103F-16F7-4668-BE54-9A1E7A4F7556}") = "CourseZero.Classes.Homework", "CourseZero.Classes.Homework\CourseZero.Classes.Homework.csproj", "{E5A13B9A-BD2B-4D32-9112-0AE146DE33A8}"
EndProject
Project("{FAE04EC0-301F-11D3-BF4B-00C04F79EFBC}") = "CourseZero.Classes.Homework.Tests", "CourseZero.Classes.Homework.Tests\CourseZero.Classes.Homework.Tests.csproj", "{74FA37FF-C4F9-460E-B8AE-AADFD2DE1DAD}"
EndProject
Global
	GlobalSection(SolutionConfigurationPlatforms) = preSolution
		Debug|Any CPU = Debug|Any CPU
		Release|Any CPU = Release|Any CPU
	EndGlobalSection
	GlobalSection(ProjectConfigurationPlatforms) = postSolution
		{1FC0D99F-219D-4DE3-8D8F-33F57BF30046}.Debug|Any CPU.ActiveCfg = Debug|Any CPU
		{1FC0D99F-219D-4DE3-8D8F-33F57BF30046}.Debug|Any CPU.Build.0 = Debug|Any CPU
		{1FC0D99F-219D-4DE3-8D8F-33F57BF30046}.Release|Any CPU.ActiveCfg = Release|Any CPU
		{1FC0D99F-219D-4DE3-8D8F-33F57BF30046}.Release|Any CPU.Build.0 = Release|Any CPU
		{C673E3D4-E947-4409-BC84-4EBFEE944632}.Debug|Any CPU.ActiveCfg = Debug|Any CPU
		{C673E3D4-E947-4409-BC84-4EBFEE944632}.Debug|Any CPU.Build.0 = Debug|Any CPU
		{C673E3D4-E947-4409-BC84-4EBFEE944632}.Release|Any CPU.ActiveCfg = Release|Any CPU
		{C673E3D4-E947-4409-BC84-4EBFEE944632}.Release|Any CPU.Build.0 = Release|Any CPU
		{DC69DFE5-5E62-4AFB-BB7F-E90820BDAF4D}.Debug|Any CPU.ActiveCfg = Debug|Any CPU
		{DC69DFE5-5E62-4AFB-BB7F-E90820BDAF4D}.Debug|Any CPU.Build.0 = Debug|Any CPU
		{DC69DFE5-5E62-4AFB-BB7F-E90820BDAF4D}.Release|Any CPU.ActiveCfg = Release|Any CPU
		{DC69DFE5-5E62-4AFB-BB7F-E90820BDAF4D}.Release|Any CPU.Build.0 = Release|Any CPU
		{845B14A0-DBED-464D-8374-11F8A0AE6CAF}.Debug|Any CPU.ActiveCfg = Debug|Any CPU
		{845B14A0-DBED-464D-8374-11F8A0AE6CAF}.Debug|Any CPU.Build.0 = Debug|Any CPU
		{845B14A0-DBED-464D-8374-11F8A0AE6CAF}.Release|Any CPU.ActiveCfg = Release|Any CPU
		{845B14A0-DBED-464D-8374-11F8A0AE6CAF}.Release|Any CPU.Build.0 = Release|Any CPU
		{1351B343-810C-4A38-8255-090BC696EDB3}.Debug|Any CPU.ActiveCfg = Debug|Any CPU
		{1351B343-810C-4A38-8255-090BC696EDB3}.Debug|Any CPU.Build.0 = Debug|Any CPU
		{1351B343-810C-4A38-8255-090BC696EDB3}.Release|Any CPU.ActiveCfg = Release|Any CPU
		{1351B343-810C-4A38-8255-090BC696EDB3}.Release|Any CPU.Build.0 = Release|Any CPU
		{CF362A26-D523-438B-87DC-C278EBBD69F5}.Debug|Any CPU.ActiveCfg = Debug|Any CPU
		{CF362A26-D523-438B-87DC-C278EBBD69F5}.Debug|Any CPU.Build.0 = Debug|Any CPU
		{CF362A26-D523-438B-87DC-C278EBBD69F5}.Release|Any CPU.ActiveCfg = Release|Any CPU
		{CF362A26-D523-438B-87DC-C278EBBD69F5}.Release|Any CPU.Build.0 = Release|Any CPU
		{41793DBE-B5E2-44BC-80F6-920A2B3B3B6D}.Debug|Any CPU.ActiveCfg = Debug|Any CPU
		{41793DBE-B5E2-44BC-80F6-920A2B3B3B6D}.Debug|Any CPU.Build.0 = Debug|Any CPU
		{41793DBE-B5E2-44BC-80F6-920A2B3B3B6D}.Release|Any CPU.ActiveCfg = Release|Any CPU
		{41793DBE-B5E2-44BC-80F6-920A2B3B3B6D}.Release|Any CPU.Build.0 = Release|Any CPU
		{72E0612D-5F37-4174-A035-FC3310158724}.Debug|Any CPU.ActiveCfg = Debug|Any CPU
		{72E0612D-5F37-4174-A035-FC3310158724}.Debug|Any CPU.Build.0 = Debug|Any CPU
		{72E0612D-5F37-4174-A035-FC3310158724}.Release|Any CPU.ActiveCfg = Release|Any CPU
		{72E0612D-5F37-4174-A035-FC3310158724}.Release|Any CPU.Build.0 = Release|Any CPU
		{B33B5E7C-D3F5-41F7-A617-AEFE8BA51EB2}.Debug|Any CPU.ActiveCfg = Debug|Any CPU
		{B33B5E7C-D3F5-41F7-A617-AEFE8BA51EB2}.Debug|Any CPU.Build.0 = Debug|Any CPU
		{B33B5E7C-D3F5-41F7-A617-AEFE8BA51EB2}.Release|Any CPU.ActiveCfg = Release|Any CPU
		{B33B5E7C-D3F5-41F7-A617-AEFE8BA51EB2}.Release|Any CPU.Build.0 = Release|Any CPU
		{E5A13B9A-BD2B-4D32-9112-0AE146DE33A8}.Debug|Any CPU.ActiveCfg = Debug|Any CPU
		{E5A13B9A-BD2B-4D32-9112-0AE146DE33A8}.Debug|Any CPU.Build.0 = Debug|Any CPU
		{E5A13B9A-BD2B-4D32-9112-0AE146DE33A8}.Release|Any CPU.ActiveCfg = Release|Any CPU
		{E5A13B9A-BD2B-4D32-9112-0AE146DE33A8}.Release|Any CPU.Build.0 = Release|Any CPU
		{74FA37FF-C4F9-460E-B8AE-AADFD2DE1DAD}.Debug|Any CPU.ActiveCfg = Debug|Any CPU
		{74FA37FF-C4F9-460E-B8AE-AADFD2DE1DAD}.Debug|Any CPU.Build.0 = Debug|Any CPU
		{74FA37FF-C4F9-460E-B8AE-AADFD2DE1DAD}.Release|Any CPU.ActiveCfg = Release|Any CPU
		{74FA37FF-C4F9-460E-B8AE-AADFD2DE1DAD}.Release|Any CPU.Build.0 = Release|Any CPU
	EndGlobalSection
	GlobalSection(SolutionProperties) = preSolution
		HideSolutionNode = FALSE
	EndGlobalSection
	GlobalSection(NestedProjects) = preSolution
		{1FC0D99F-219D-4DE3-8D8F-33F57BF30046} = {23323808-50D3-4C68-9B5D-797010967CE3}
		{C673E3D4-E947-4409-BC84-4EBFEE944632} = {23323808-50D3-4C68-9B5D-797010967CE3}
		{DC69DFE5-5E62-4AFB-BB7F-E90820BDAF4D} = {23323808-50D3-4C68-9B5D-797010967CE3}
		{845B14A0-DBED-464D-8374-11F8A0AE6CAF} = {23323808-50D3-4C68-9B5D-797010967CE3}
		{1351B343-810C-4A38-8255-090BC696EDB3} = {23323808-50D3-4C68-9B5D-797010967CE3}
		{CF362A26-D523-438B-87DC-C278EBBD69F5} = {23323808-50D3-4C68-9B5D-797010967CE3}
		{41793DBE-B5E2-44BC-80F6-920A2B3B3B6D} = {23323808-50D3-4C68-9B5D-797010967CE3}
		{72E0612D-5F37-4174-A035-FC3310158724} = {23323808-50D3-4C68-9B5D-797010967CE3}
		{B33B5E7C-D3F5-41F7-A617-AEFE8BA51EB2} = {16E38D05-3E69-4FA1-B5AB-A486926A663D}
		{E5A13B9A-BD2B-4D32-9112-0AE146DE33A8} = {16E38D05-3E69-4FA1-B5AB-A486926A663D}
	EndGlobalSection
	GlobalSection(ExtensibilityGlobals) = postSolution
		SolutionGuid = {4C749C66-CCFA-4BD9-93BD-103E11243ADB}
	EndGlobalSection
EndGlobal
